// !$*UTF8*$!
{
	archiveVersion = 1;
	classes = {
	};
	objectVersion = 46;
	objects = {

/* Begin PBXBuildFile section */
		88750B061CCBD11C0022AE18 /* cnpy.cpp in Sources */ = {isa = PBXBuildFile; fileRef = 88750B031CCBD11C0022AE18 /* cnpy.cpp */; };
		88750B071CCBD11C0022AE18 /* main.cpp in Sources */ = {isa = PBXBuildFile; fileRef = 88750B051CCBD11C0022AE18 /* main.cpp */; };
		88750B081CCBD1520022AE18 /* libz.1.2.5.tbd in Frameworks */ = {isa = PBXBuildFile; fileRef = 88750AF41CCBCF670022AE18 /* libz.1.2.5.tbd */; };
/* End PBXBuildFile section */

/* Begin PBXCopyFilesBuildPhase section */
		88750AFA1CCBD0990022AE18 /* CopyFiles */ = {
			isa = PBXCopyFilesBuildPhase;
			buildActionMask = 2147483647;
			dstPath = /usr/share/man/man1/;
			dstSubfolderSpec = 0;
			files = (
			);
			runOnlyForDeploymentPostprocessing = 1;
		};
/* End PBXCopyFilesBuildPhase section */

/* Begin PBXFileReference section */
		88750AF41CCBCF670022AE18 /* libz.1.2.5.tbd */ = {isa = PBXFileReference; lastKnownFileType = "sourcecode.text-based-dylib-definition"; name = libz.1.2.5.tbd; path = usr/lib/libz.1.2.5.tbd; sourceTree = SDKROOT; };
		88750AFC1CCBD0990022AE18 /* comp-phys-lb-worker */ = {isa = PBXFileReference; explicitFileType = "compiled.mach-o.executable"; includeInIndex = 0; path = "comp-phys-lb-worker"; sourceTree = BUILT_PRODUCTS_DIR; };
		88750B031CCBD11C0022AE18 /* cnpy.cpp */ = {isa = PBXFileReference; fileEncoding = 4; lastKnownFileType = sourcecode.cpp.cpp; path = cnpy.cpp; sourceTree = "<group>"; };
		88750B041CCBD11C0022AE18 /* cnpy.h */ = {isa = PBXFileReference; fileEncoding = 4; lastKnownFileType = sourcecode.c.h; path = cnpy.h; sourceTree = "<group>"; };
		88750B051CCBD11C0022AE18 /* main.cpp */ = {isa = PBXFileReference; fileEncoding = 4; lastKnownFileType = sourcecode.cpp.cpp; path = main.cpp; sourceTree = "<group>"; };
/* End PBXFileReference section */

/* Begin PBXFrameworksBuildPhase section */
		88750AF91CCBD0990022AE18 /* Frameworks */ = {
			isa = PBXFrameworksBuildPhase;
			buildActionMask = 2147483647;
			files = (
				88750B081CCBD1520022AE18 /* libz.1.2.5.tbd in Frameworks */,
			);
			runOnlyForDeploymentPostprocessing = 0;
		};
/* End PBXFrameworksBuildPhase section */

/* Begin PBXGroup section */
		88750ADC1CCBCF060022AE18 = {
			isa = PBXGroup;
			children = (
				88750AF41CCBCF670022AE18 /* libz.1.2.5.tbd */,
				88750AFD1CCBD0990022AE18 /* comp-phys-lb-worker */,
				88750AE61CCBCF060022AE18 /* Products */,
			);
			sourceTree = "<group>";
		};
		88750AE61CCBCF060022AE18 /* Products */ = {
			isa = PBXGroup;
			children = (
				88750AFC1CCBD0990022AE18 /* comp-phys-lb-worker */,
			);
			name = Products;
			sourceTree = "<group>";
		};
		88750AFD1CCBD0990022AE18 /* comp-phys-lb-worker */ = {
			isa = PBXGroup;
			children = (
				88750B031CCBD11C0022AE18 /* cnpy.cpp */,
				88750B041CCBD11C0022AE18 /* cnpy.h */,
				88750B051CCBD11C0022AE18 /* main.cpp */,
			);
			path = "comp-phys-lb-worker";
			sourceTree = "<group>";
		};
/* End PBXGroup section */

/* Begin PBXNativeTarget section */
		88750AFB1CCBD0990022AE18 /* comp-phys-lb-worker */ = {
			isa = PBXNativeTarget;
			buildConfigurationList = 88750B001CCBD0990022AE18 /* Build configuration list for PBXNativeTarget "comp-phys-lb-worker" */;
			buildPhases = (
				88750AF81CCBD0990022AE18 /* Sources */,
				88750AF91CCBD0990022AE18 /* Frameworks */,
				88750AFA1CCBD0990022AE18 /* CopyFiles */,
			);
			buildRules = (
			);
			dependencies = (
			);
			name = "comp-phys-lb-worker";
			productName = "comp-phys-lb-worker";
			productReference = 88750AFC1CCBD0990022AE18 /* comp-phys-lb-worker */;
			productType = "com.apple.product-type.tool";
		};
/* End PBXNativeTarget section */

/* Begin PBXProject section */
		88750ADD1CCBCF060022AE18 /* Project object */ = {
			isa = PBXProject;
			attributes = {
				LastUpgradeCheck = 0730;
				ORGANIZATIONNAME = "Jesse Slim";
				TargetAttributes = {
					88750AFB1CCBD0990022AE18 = {
						CreatedOnToolsVersion = 7.3;
					};
				};
			};
			buildConfigurationList = 88750AE01CCBCF060022AE18 /* Build configuration list for PBXProject "comp-phys-lb" */;
			compatibilityVersion = "Xcode 3.2";
			developmentRegion = English;
			hasScannedForEncodings = 0;
			knownRegions = (
				en,
			);
			mainGroup = 88750ADC1CCBCF060022AE18;
			productRefGroup = 88750AE61CCBCF060022AE18 /* Products */;
			projectDirPath = "";
			projectRoot = "";
			targets = (
				88750AFB1CCBD0990022AE18 /* comp-phys-lb-worker */,
			);
		};
/* End PBXProject section */

/* Begin PBXSourcesBuildPhase section */
		88750AF81CCBD0990022AE18 /* Sources */ = {
			isa = PBXSourcesBuildPhase;
			buildActionMask = 2147483647;
			files = (
				88750B061CCBD11C0022AE18 /* cnpy.cpp in Sources */,
				88750B071CCBD11C0022AE18 /* main.cpp in Sources */,
			);
			runOnlyForDeploymentPostprocessing = 0;
		};
/* End PBXSourcesBuildPhase section */

/* Begin XCBuildConfiguration section */
		88750AEA1CCBCF060022AE18 /* Debug */ = {
			isa = XCBuildConfiguration;
			buildSettings = {
				ALWAYS_SEARCH_USER_PATHS = NO;
				CLANG_ANALYZER_NONNULL = YES;
				CLANG_CXX_LANGUAGE_STANDARD = "gnu++0x";
				CLANG_CXX_LIBRARY = "libc++";
				CLANG_ENABLE_MODULES = YES;
				CLANG_ENABLE_OBJC_ARC = YES;
				CLANG_WARN_BOOL_CONVERSION = YES;
				CLANG_WARN_CONSTANT_CONVERSION = YES;
				CLANG_WARN_DIRECT_OBJC_ISA_USAGE = YES_ERROR;
				CLANG_WARN_EMPTY_BODY = YES;
				CLANG_WARN_ENUM_CONVERSION = YES;
				CLANG_WARN_INT_CONVERSION = YES;
				CLANG_WARN_OBJC_ROOT_CLASS = YES_ERROR;
				CLANG_WARN_UNREACHABLE_CODE = YES;
				CLANG_WARN__DUPLICATE_METHOD_MATCH = YES;
				CODE_SIGN_IDENTITY = "-";
				COPY_PHASE_STRIP = NO;
				DEBUG_INFORMATION_FORMAT = dwarf;
				ENABLE_STRICT_OBJC_MSGSEND = YES;
				ENABLE_TESTABILITY = YES;
				GCC_C_LANGUAGE_STANDARD = gnu99;
				GCC_DYNAMIC_NO_PIC = NO;
				GCC_NO_COMMON_BLOCKS = YES;
				GCC_OPTIMIZATION_LEVEL = 0;
				GCC_PREPROCESSOR_DEFINITIONS = (
					"DEBUG=1",
					"$(inherited)",
				);
				GCC_WARN_64_TO_32_BIT_CONVERSION = YES;
				GCC_WARN_ABOUT_RETURN_TYPE = YES_ERROR;
				GCC_WARN_UNDECLARED_SELECTOR = YES;
				GCC_WARN_UNINITIALIZED_AUTOS = YES_AGGRESSIVE;
				GCC_WARN_UNUSED_FUNCTION = YES;
				GCC_WARN_UNUSED_VARIABLE = YES;
				MACOSX_DEPLOYMENT_TARGET = 10.11;
				MTL_ENABLE_DEBUG_INFO = YES;
				ONLY_ACTIVE_ARCH = YES;
				SDKROOT = macosx;
			};
			name = Debug;
		};
		88750AEB1CCBCF060022AE18 /* Release */ = {
			isa = XCBuildConfiguration;
			buildSettings = {
				ALWAYS_SEARCH_USER_PATHS = NO;
				CLANG_ANALYZER_NONNULL = YES;
				CLANG_CXX_LANGUAGE_STANDARD = "gnu++0x";
				CLANG_CXX_LIBRARY = "libc++";
				CLANG_ENABLE_MODULES = YES;
				CLANG_ENABLE_OBJC_ARC = YES;
				CLANG_WARN_BOOL_CONVERSION = YES;
				CLANG_WARN_CONSTANT_CONVERSION = YES;
				CLANG_WARN_DIRECT_OBJC_ISA_USAGE = YES_ERROR;
				CLANG_WARN_EMPTY_BODY = YES;
				CLANG_WARN_ENUM_CONVERSION = YES;
				CLANG_WARN_INT_CONVERSION = YES;
				CLANG_WARN_OBJC_ROOT_CLASS = YES_ERROR;
				CLANG_WARN_UNREACHABLE_CODE = YES;
				CLANG_WARN__DUPLICATE_METHOD_MATCH = YES;
				CODE_SIGN_IDENTITY = "-";
				COPY_PHASE_STRIP = NO;
				DEBUG_INFORMATION_FORMAT = "dwarf-with-dsym";
				ENABLE_NS_ASSERTIONS = NO;
				ENABLE_STRICT_OBJC_MSGSEND = YES;
				GCC_C_LANGUAGE_STANDARD = gnu99;
				GCC_NO_COMMON_BLOCKS = YES;
				GCC_WARN_64_TO_32_BIT_CONVERSION = YES;
				GCC_WARN_ABOUT_RETURN_TYPE = YES_ERROR;
				GCC_WARN_UNDECLARED_SELECTOR = YES;
				GCC_WARN_UNINITIALIZED_AUTOS = YES_AGGRESSIVE;
				GCC_WARN_UNUSED_FUNCTION = YES;
				GCC_WARN_UNUSED_VARIABLE = YES;
				MACOSX_DEPLOYMENT_TARGET = 10.11;
				MTL_ENABLE_DEBUG_INFO = NO;
				SDKROOT = macosx;
			};
			name = Release;
		};
		88750B011CCBD0990022AE18 /* Debug */ = {
			isa = XCBuildConfiguration;
			buildSettings = {
				GCC_UNROLL_LOOPS = YES;
				PRODUCT_NAME = "$(TARGET_NAME)";
			};
			name = Debug;
		};
		88750B021CCBD0990022AE18 /* Release */ = {
			isa = XCBuildConfiguration;
			buildSettings = {
				GCC_OPTIMIZATION_LEVEL = 3;
				GCC_UNROLL_LOOPS = YES;
				ONLY_ACTIVE_ARCH = NO;
				PRODUCT_NAME = "$(TARGET_NAME)";
			};
			name = Release;
		};
/* End XCBuildConfiguration section */

/* Begin XCConfigurationList section */
		88750AE01CCBCF060022AE18 /* Build configuration list for PBXProject "comp-phys-lb" */ = {
			isa = XCConfigurationList;
			buildConfigurations = (
				88750AEA1CCBCF060022AE18 /* Debug */,
				88750AEB1CCBCF060022AE18 /* Release */,
			);
			defaultConfigurationIsVisible = 0;
			defaultConfigurationName = Release;
		};
		88750B001CCBD0990022AE18 /* Build configuration list for PBXNativeTarget "comp-phys-lb-worker" */ = {
			isa = XCConfigurationList;
			buildConfigurations = (
				88750B011CCBD0990022AE18 /* Debug */,
				88750B021CCBD0990022AE18 /* Release */,
			);
			defaultConfigurationIsVisible = 0;
		};
/* End XCConfigurationList section */
	};
	rootObject = 88750ADD1CCBCF060022AE18 /* Project object */;
}
